
Microsoft Visual Studio Solution File, Format Version 12.00
# Visual Studio Version 17
VisualStudioVersion = 17.5.33516.290
MinimumVisualStudioVersion = 10.0.40219.1
Project("{2150E333-8FDC-42A3-9474-1A3956D46DE8}") = "Core", "Core", "{EDFBD9CF-04DA-4A7E-96B6-8173F53C5C62}"
EndProject
Project("{2150E333-8FDC-42A3-9474-1A3956D46DE8}") = "Presentation", "Presentation", "{B59DD5E2-FFDC-4611-AC55-19D290851884}"
EndProject
Project("{2150E333-8FDC-42A3-9474-1A3956D46DE8}") = "Infrastructure", "Infrastructure", "{DDFF9AFF-020C-4CC0-91D1-DCBFF3EABA26}"
EndProject
Project("{9A19103F-16F7-4668-BE54-9A1E7A4F7556}") = "Agroforum.WebApi", "Agroforum.WebApi\Agroforum.WebApi.csproj", "{EA78CD98-0757-4E89-9401-AAA26B23620A}"
EndProject
Project("{9A19103F-16F7-4668-BE54-9A1E7A4F7556}") = "Agroforum.Persistence", "Agroforum.Persistence\Agroforum.Persistence.csproj", "{D6E48F3A-31A8-4763-89C5-813324DF2630}"
EndProject
Project("{9A19103F-16F7-4668-BE54-9A1E7A4F7556}") = "Agroforum.Domain", "Agroforum.Domain\Agroforum.Domain.csproj", "{ED05015B-C9A6-43C3-8ED0-9C61D9BF4E15}"
EndProject
Project("{9A19103F-16F7-4668-BE54-9A1E7A4F7556}") = "Agroforum.Application", "Agroforum.Application\Agroforum.Application.csproj", "{1ECEC39B-8E1D-4874-B32C-97E2D3A3FBFD}"
EndProject
Project("{2150E333-8FDC-42A3-9474-1A3956D46DE8}") = "Tests", "Tests", "{F60CB11D-CE62-455E-B667-4D9EA4FCECBA}"
EndProject
Global
	GlobalSection(SolutionConfigurationPlatforms) = preSolution
		Debug|Any CPU = Debug|Any CPU
		Release|Any CPU = Release|Any CPU
	EndGlobalSection
	GlobalSection(ProjectConfigurationPlatforms) = postSolution
		{EA78CD98-0757-4E89-9401-AAA26B23620A}.Debug|Any CPU.ActiveCfg = Debug|Any CPU
		{EA78CD98-0757-4E89-9401-AAA26B23620A}.Debug|Any CPU.Build.0 = Debug|Any CPU
		{EA78CD98-0757-4E89-9401-AAA26B23620A}.Release|Any CPU.ActiveCfg = Release|Any CPU
		{EA78CD98-0757-4E89-9401-AAA26B23620A}.Release|Any CPU.Build.0 = Release|Any CPU
		{D6E48F3A-31A8-4763-89C5-813324DF2630}.Debug|Any CPU.ActiveCfg = Debug|Any CPU
		{D6E48F3A-31A8-4763-89C5-813324DF2630}.Debug|Any CPU.Build.0 = Debug|Any CPU
		{D6E48F3A-31A8-4763-89C5-813324DF2630}.Release|Any CPU.ActiveCfg = Release|Any CPU
		{D6E48F3A-31A8-4763-89C5-813324DF2630}.Release|Any CPU.Build.0 = Release|Any CPU
		{ED05015B-C9A6-43C3-8ED0-9C61D9BF4E15}.Debug|Any CPU.ActiveCfg = Debug|Any CPU
		{ED05015B-C9A6-43C3-8ED0-9C61D9BF4E15}.Debug|Any CPU.Build.0 = Debug|Any CPU
		{ED05015B-C9A6-43C3-8ED0-9C61D9BF4E15}.Release|Any CPU.ActiveCfg = Release|Any CPU
		{ED05015B-C9A6-43C3-8ED0-9C61D9BF4E15}.Release|Any CPU.Build.0 = Release|Any CPU
		{1ECEC39B-8E1D-4874-B32C-97E2D3A3FBFD}.Debug|Any CPU.ActiveCfg = Debug|Any CPU
		{1ECEC39B-8E1D-4874-B32C-97E2D3A3FBFD}.Debug|Any CPU.Build.0 = Debug|Any CPU
		{1ECEC39B-8E1D-4874-B32C-97E2D3A3FBFD}.Release|Any CPU.ActiveCfg = Release|Any CPU
		{1ECEC39B-8E1D-4874-B32C-97E2D3A3FBFD}.Release|Any CPU.Build.0 = Release|Any CPU
	EndGlobalSection
	GlobalSection(SolutionProperties) = preSolution
		HideSolutionNode = FALSE
	EndGlobalSection
	GlobalSection(NestedProjects) = preSolution
		{EA78CD98-0757-4E89-9401-AAA26B23620A} = {B59DD5E2-FFDC-4611-AC55-19D290851884}
		{D6E48F3A-31A8-4763-89C5-813324DF2630} = {DDFF9AFF-020C-4CC0-91D1-DCBFF3EABA26}
		{ED05015B-C9A6-43C3-8ED0-9C61D9BF4E15} = {EDFBD9CF-04DA-4A7E-96B6-8173F53C5C62}
		{1ECEC39B-8E1D-4874-B32C-97E2D3A3FBFD} = {EDFBD9CF-04DA-4A7E-96B6-8173F53C5C62}
	EndGlobalSection
	GlobalSection(ExtensibilityGlobals) = postSolution
		SolutionGuid = {65B7292C-866F-42D6-96A6-F56AB86016A7}
	EndGlobalSection
EndGlobal
